
Microsoft Visual Studio Solution File, Format Version 12.00
# Visual Studio 2012
Project("{FAE04EC0-301F-11D3-BF4B-00C04F79EFBC}") = "YahooStockFeed", "CardStock\YahooStockFeed.csproj", "{C67579A0-F0CE-48C7-B758-86E2ED89A472}"
EndProject
Project("{FAE04EC0-301F-11D3-BF4B-00C04F79EFBC}") = "DatabaseSeeder", "DatabaseSeeder\DatabaseSeeder.csproj", "{FF545CAB-87D3-42DC-AD9F-E0CB7A191DA5}"
EndProject
Project("{2150E333-8FDC-42A3-9474-1A3956D46DE8}") = "Solution Items", "Solution Items", "{A3AB8EB6-0AAD-4AA1-9F80-65B63CCC6E76}"
	ProjectSection(SolutionItems) = preProject
		TestSettings1.testsettings = TestSettings1.testsettings
	EndProjectSection
EndProject
Project("{FAE04EC0-301F-11D3-BF4B-00C04F79EFBC}") = "DatabaseSeederTest", "DatabaseTest\DatabaseSeederTest.csproj", "{27CEB321-EB55-4D75-B064-90AE52731458}"
EndProject
Project("{FAE04EC0-301F-11D3-BF4B-00C04F79EFBC}") = "YahooStockFeedTest", "YahooStockFeedTest\YahooStockFeedTest.csproj", "{CFB4BE5A-30A1-497F-806A-414745105A0F}"
EndProject
Project("{FAE04EC0-301F-11D3-BF4B-00C04F79EFBC}") = "Utility", "Utility\Utility.csproj", "{37B38504-CA85-415F-BF72-D4452EC65AD0}"
EndProject
Project("{FAE04EC0-301F-11D3-BF4B-00C04F79EFBC}") = "SystemTest", "SystemTest\SystemTest.csproj", "{41D2EE89-73E4-408A-907A-28E1999B4162}"
EndProject
Global
	GlobalSection(SolutionConfigurationPlatforms) = preSolution
		Debug|Any CPU = Debug|Any CPU
		Debug|Mixed Platforms = Debug|Mixed Platforms
		Debug|x86 = Debug|x86
		Release|Any CPU = Release|Any CPU
		Release|Mixed Platforms = Release|Mixed Platforms
		Release|x86 = Release|x86
	EndGlobalSection
	GlobalSection(ProjectConfigurationPlatforms) = postSolution
		{C67579A0-F0CE-48C7-B758-86E2ED89A472}.Debug|Any CPU.ActiveCfg = Debug|x86
		{C67579A0-F0CE-48C7-B758-86E2ED89A472}.Debug|Mixed Platforms.ActiveCfg = Debug|x86
		{C67579A0-F0CE-48C7-B758-86E2ED89A472}.Debug|Mixed Platforms.Build.0 = Debug|x86
		{C67579A0-F0CE-48C7-B758-86E2ED89A472}.Debug|x86.ActiveCfg = Debug|x86
		{C67579A0-F0CE-48C7-B758-86E2ED89A472}.Debug|x86.Build.0 = Debug|x86
		{C67579A0-F0CE-48C7-B758-86E2ED89A472}.Release|Any CPU.ActiveCfg = Release|x86
		{C67579A0-F0CE-48C7-B758-86E2ED89A472}.Release|Mixed Platforms.ActiveCfg = Release|x86
		{C67579A0-F0CE-48C7-B758-86E2ED89A472}.Release|Mixed Platforms.Build.0 = Release|x86
		{C67579A0-F0CE-48C7-B758-86E2ED89A472}.Release|x86.ActiveCfg = Release|x86
		{C67579A0-F0CE-48C7-B758-86E2ED89A472}.Release|x86.Build.0 = Release|x86
		{FF545CAB-87D3-42DC-AD9F-E0CB7A191DA5}.Debug|Any CPU.ActiveCfg = Debug|Any CPU
		{FF545CAB-87D3-42DC-AD9F-E0CB7A191DA5}.Debug|Any CPU.Build.0 = Debug|Any CPU
		{FF545CAB-87D3-42DC-AD9F-E0CB7A191DA5}.Debug|Mixed Platforms.ActiveCfg = Debug|Any CPU
		{FF545CAB-87D3-42DC-AD9F-E0CB7A191DA5}.Debug|Mixed Platforms.Build.0 = Debug|Any CPU
		{FF545CAB-87D3-42DC-AD9F-E0CB7A191DA5}.Debug|x86.ActiveCfg = Debug|Any CPU
		{FF545CAB-87D3-42DC-AD9F-E0CB7A191DA5}.Release|Any CPU.ActiveCfg = Release|Any CPU
		{FF545CAB-87D3-42DC-AD9F-E0CB7A191DA5}.Release|Any CPU.Build.0 = Release|Any CPU
		{FF545CAB-87D3-42DC-AD9F-E0CB7A191DA5}.Release|Mixed Platforms.ActiveCfg = Release|Any CPU
		{FF545CAB-87D3-42DC-AD9F-E0CB7A191DA5}.Release|Mixed Platforms.Build.0 = Release|Any CPU
		{FF545CAB-87D3-42DC-AD9F-E0CB7A191DA5}.Release|x86.ActiveCfg = Release|Any CPU
		{27CEB321-EB55-4D75-B064-90AE52731458}.Debug|Any CPU.ActiveCfg = Debug|Any CPU
		{27CEB321-EB55-4D75-B064-90AE52731458}.Debug|Any CPU.Build.0 = Debug|Any CPU
		{27CEB321-EB55-4D75-B064-90AE52731458}.Debug|Mixed Platforms.ActiveCfg = Debug|Any CPU
		{27CEB321-EB55-4D75-B064-90AE52731458}.Debug|Mixed Platforms.Build.0 = Debug|Any CPU
		{27CEB321-EB55-4D75-B064-90AE52731458}.Debug|x86.ActiveCfg = Debug|Any CPU
		{27CEB321-EB55-4D75-B064-90AE52731458}.Release|Any CPU.ActiveCfg = Release|Any CPU
		{27CEB321-EB55-4D75-B064-90AE52731458}.Release|Any CPU.Build.0 = Release|Any CPU
		{27CEB321-EB55-4D75-B064-90AE52731458}.Release|Mixed Platforms.ActiveCfg = Release|Any CPU
		{27CEB321-EB55-4D75-B064-90AE52731458}.Release|Mixed Platforms.Build.0 = Release|Any CPU
		{27CEB321-EB55-4D75-B064-90AE52731458}.Release|x86.ActiveCfg = Release|Any CPU
		{CFB4BE5A-30A1-497F-806A-414745105A0F}.Debug|Any CPU.ActiveCfg = Debug|Any CPU
		{CFB4BE5A-30A1-497F-806A-414745105A0F}.Debug|Any CPU.Build.0 = Debug|Any CPU
		{CFB4BE5A-30A1-497F-806A-414745105A0F}.Debug|Mixed Platforms.ActiveCfg = Debug|Any CPU
		{CFB4BE5A-30A1-497F-806A-414745105A0F}.Debug|Mixed Platforms.Build.0 = Debug|Any CPU
		{CFB4BE5A-30A1-497F-806A-414745105A0F}.Debug|x86.ActiveCfg = Debug|Any CPU
		{CFB4BE5A-30A1-497F-806A-414745105A0F}.Release|Any CPU.ActiveCfg = Release|Any CPU
		{CFB4BE5A-30A1-497F-806A-414745105A0F}.Release|Any CPU.Build.0 = Release|Any CPU
		{CFB4BE5A-30A1-497F-806A-414745105A0F}.Release|Mixed Platforms.ActiveCfg = Release|Any CPU
		{CFB4BE5A-30A1-497F-806A-414745105A0F}.Release|Mixed Platforms.Build.0 = Release|Any CPU
		{CFB4BE5A-30A1-497F-806A-414745105A0F}.Release|x86.ActiveCfg = Release|Any CPU
		{37B38504-CA85-415F-BF72-D4452EC65AD0}.Debug|Any CPU.ActiveCfg = Debug|Any CPU
		{37B38504-CA85-415F-BF72-D4452EC65AD0}.Debug|Any CPU.Build.0 = Debug|Any CPU
		{37B38504-CA85-415F-BF72-D4452EC65AD0}.Debug|Mixed Platforms.ActiveCfg = Debug|Any CPU
		{37B38504-CA85-415F-BF72-D4452EC65AD0}.Debug|Mixed Platforms.Build.0 = Debug|Any CPU
		{37B38504-CA85-415F-BF72-D4452EC65AD0}.Debug|x86.ActiveCfg = Debug|Any CPU
		{37B38504-CA85-415F-BF72-D4452EC65AD0}.Release|Any CPU.ActiveCfg = Release|Any CPU
		{37B38504-CA85-415F-BF72-D4452EC65AD0}.Release|Any CPU.Build.0 = Release|Any CPU
		{37B38504-CA85-415F-BF72-D4452EC65AD0}.Release|Mixed Platforms.ActiveCfg = Release|Any CPU
		{37B38504-CA85-415F-BF72-D4452EC65AD0}.Release|Mixed Platforms.Build.0 = Release|Any CPU
		{37B38504-CA85-415F-BF72-D4452EC65AD0}.Release|x86.ActiveCfg = Release|Any CPU
		{41D2EE89-73E4-408A-907A-28E1999B4162}.Debug|Any CPU.ActiveCfg = Debug|Any CPU
		{41D2EE89-73E4-408A-907A-28E1999B4162}.Debug|Any CPU.Build.0 = Debug|Any CPU
		{41D2EE89-73E4-408A-907A-28E1999B4162}.Debug|Mixed Platforms.ActiveCfg = Debug|Any CPU
		{41D2EE89-73E4-408A-907A-28E1999B4162}.Debug|Mixed Platforms.Build.0 = Debug|Any CPU
		{41D2EE89-73E4-408A-907A-28E1999B4162}.Debug|x86.ActiveCfg = Debug|Any CPU
		{41D2EE89-73E4-408A-907A-28E1999B4162}.Release|Any CPU.ActiveCfg = Release|Any CPU
		{41D2EE89-73E4-408A-907A-28E1999B4162}.Release|Any CPU.Build.0 = Release|Any CPU
		{41D2EE89-73E4-408A-907A-28E1999B4162}.Release|Mixed Platforms.ActiveCfg = Release|Any CPU
		{41D2EE89-73E4-408A-907A-28E1999B4162}.Release|Mixed Platforms.Build.0 = Release|Any CPU
		{41D2EE89-73E4-408A-907A-28E1999B4162}.Release|x86.ActiveCfg = Release|Any CPU
	EndGlobalSection
	GlobalSection(SolutionProperties) = preSolution
		HideSolutionNode = FALSE
	EndGlobalSection
EndGlobal
